
Microsoft Visual Studio Solution File, Format Version 12.00
# Visual Studio Version 17
VisualStudioVersion = 17.5.002.0
MinimumVisualStudioVersion = 10.0.40219.1
Project("{9A19103F-16F7-4668-BE54-9A1E7A4F7556}") = "git", "git.csproj", "{D84AE7A6-DB8D-49BE-8A7A-FD4BFA3DFBE6}"
EndProject
Global
	GlobalSection(SolutionConfigurationPlatforms) = preSolution
		Debug|Any CPU = Debug|Any CPU
		Release|Any CPU = Release|Any CPU
	EndGlobalSection
	GlobalSection(ProjectConfigurationPlatforms) = postSolution
		{D84AE7A6-DB8D-49BE-8A7A-FD4BFA3DFBE6}.Debug|Any CPU.ActiveCfg = Debug|Any CPU
		{D84AE7A6-DB8D-49BE-8A7A-FD4BFA3DFBE6}.Debug|Any CPU.Build.0 = Debug|Any CPU
		{D84AE7A6-DB8D-49BE-8A7A-FD4BFA3DFBE6}.Release|Any CPU.ActiveCfg = Release|Any CPU
		{D84AE7A6-DB8D-49BE-8A7A-FD4BFA3DFBE6}.Release|Any CPU.Build.0 = Release|Any CPU
	EndGlobalSection
	GlobalSection(SolutionProperties) = preSolution
		HideSolutionNode = FALSE
	EndGlobalSection
	GlobalSection(ExtensibilityGlobals) = postSolution
		SolutionGuid = {31DDB2AB-366A-495C-9539-B446887299FA}
	EndGlobalSection
EndGlobal
